
Microsoft Visual Studio Solution File, Format Version 12.00
# Visual Studio Version 16
VisualStudioVersion = 16.0.29215.179
MinimumVisualStudioVersion = 10.0.40219.1
Project("{FAE04EC0-301F-11D3-BF4B-00C04F79EFBC}") = "AileHekimligiOtomasyonu", "AileHekimligiOtomasyonu\AileHekimligiOtomasyonu.csproj", "{8D8E1DC0-C30D-4A2E-B3E1-0D5D7C08C837}"
EndProject
Project("{FAE04EC0-301F-11D3-BF4B-00C04F79EFBC}") = "AileHekimligiOtomasyonu.BLL", "AileHekimligiOtomasyonu.BLL\AileHekimligiOtomasyonu.BLL.csproj", "{B08D5761-EA58-4031-B068-3E481F925E97}"
EndProject
Project("{FAE04EC0-301F-11D3-BF4B-00C04F79EFBC}") = "AileHekimligiOtomasyonu.DAL", "AileHekimligiOtomasyonu.DAL\AileHekimligiOtomasyonu.DAL.csproj", "{F811CAF7-02C3-4E02-B8AA-A0030D1AE274}"
EndProject
Global
	GlobalSection(SolutionConfigurationPlatforms) = preSolution
		Debug|Any CPU = Debug|Any CPU
		Release|Any CPU = Release|Any CPU
	EndGlobalSection
	GlobalSection(ProjectConfigurationPlatforms) = postSolution
		{8D8E1DC0-C30D-4A2E-B3E1-0D5D7C08C837}.Debug|Any CPU.ActiveCfg = Debug|Any CPU
		{8D8E1DC0-C30D-4A2E-B3E1-0D5D7C08C837}.Debug|Any CPU.Build.0 = Debug|Any CPU
		{8D8E1DC0-C30D-4A2E-B3E1-0D5D7C08C837}.Release|Any CPU.ActiveCfg = Release|Any CPU
		{8D8E1DC0-C30D-4A2E-B3E1-0D5D7C08C837}.Release|Any CPU.Build.0 = Release|Any CPU
		{B08D5761-EA58-4031-B068-3E481F925E97}.Debug|Any CPU.ActiveCfg = Debug|Any CPU
		{B08D5761-EA58-4031-B068-3E481F925E97}.Debug|Any CPU.Build.0 = Debug|Any CPU
		{B08D5761-EA58-4031-B068-3E481F925E97}.Release|Any CPU.ActiveCfg = Release|Any CPU
		{B08D5761-EA58-4031-B068-3E481F925E97}.Release|Any CPU.Build.0 = Release|Any CPU
		{F811CAF7-02C3-4E02-B8AA-A0030D1AE274}.Debug|Any CPU.ActiveCfg = Debug|Any CPU
		{F811CAF7-02C3-4E02-B8AA-A0030D1AE274}.Debug|Any CPU.Build.0 = Debug|Any CPU
		{F811CAF7-02C3-4E02-B8AA-A0030D1AE274}.Release|Any CPU.ActiveCfg = Release|Any CPU
		{F811CAF7-02C3-4E02-B8AA-A0030D1AE274}.Release|Any CPU.Build.0 = Release|Any CPU
	EndGlobalSection
	GlobalSection(SolutionProperties) = preSolution
		HideSolutionNode = FALSE
	EndGlobalSection
	GlobalSection(ExtensibilityGlobals) = postSolution
		SolutionGuid = {5BD13429-ABFF-47F5-BE5E-F194EDCAD67A}
	EndGlobalSection
EndGlobal
